github.com/creack/pty v1.1.18 h1:n56/Zwd5o6whRC5PMGretI4IdRLlmBXYNjScPaBgsbY=
github.com/creack/pty v1.1.18/go.mod h1:MOBLtS5ELjhRRrroQr9kyvTxUAFNvYEK993ew/Vr4O4=
github.com/ericwq/goutmp v0.4.5 h1:Ttp3wztwPmWHh6iJ5wy9X0+Vmz+7PasKAl2k6Wj3WME=
github.com/ericwq/goutmp v0.4.5/go.mod h1:BAmyCiEqE0FbsqkgAIUt5wS6Ax+N25T8UUCfzWFuvbg=
github.com/ericwq/terminfo v0.2.0 h1:Z2dd3WQARLJ3isLUWoEVf8L3iF6fIPgdZ8FHhyJ2t8Y=
github.com/ericwq/terminfo v0.2.0/go.mod h1:14QlPzEoWBEasmg232QsZSYd/cRo9XRK32pgZH+jYv0=
github.com/golang/protobuf v1.5.0/go.mod h1:FsONVRAS9T7sI+LIUmWTfcYkHO4aIWwzhcaSAoJOfIk=
github.com/google/go-cmp v0.5.5/go.mod h1:v8dTdLbMG2kIc/vJvl+f65V22dbkXbowE6jgT/gNBxE=
github.com/google/go-cmp v0.5.8 h1:e6P7q2lk1O+qJJb4BtCQXlK8vWEO8V1ZeuEdJNOqZyg=
github.com/rivo/uniseg v0.4.4 h1:8TfxU8dW6PdqD27gjM8MVNuicgxIjxpm4K7x4jp8sis=
github.com/rivo/uniseg v0.4.4/go.mod h1:FN3SvrM+Zdj16jyLfmOkMNblXMcoc8DfTHruCPUcx88=
golang.org/x/crypto v0.11.0 h1:6Ewdq3tDic1mg5xRO4milcWCfMVQhI4NkqWWvqejpuA=
golang.org/x/crypto v0.11.0/go.mod h1:xgJhtzW8F9jGdVFWZESrid1U1bjeNy4zgy5cRr/CIio=
golang.org/x/exp v0.0.0-20230306221820-f0f767cdffd6 h1:3p+wVC0x0TCIPgd3LCQlpgVlEtjziEC5v42w7+B8t8M=
golang.org/x/exp v0.0.0-20230306221820-f0f767cdffd6/go.mod h1:CxIveKay+FTh1D0yPZemJVgC/95VzuuOLq5Qi4xnoYc=
golang.org/x/exp v0.0.0-20230801115018-d63ba01acd4b h1:r+vk0EmXNmekl0S0BascoeeoHk/L7wmaW2QF90K+kYI=
golang.org/x/exp v0.0.0-20230801115018-d63ba01acd4b/go.mod h1:FXUEEKJgO7OQYeo8N01OfiKP8RXMtf6e8aTskBGqWdc=
golang.org/x/sync v0.1.0 h1:wsuoTGHzEhffawBOhz5CYhcrV4IdKZbEyZjBMuTp12o=
golang.org/x/sync v0.1.0/go.mod h1:RxMgew5VJxzue5/jJTE5uejpjVlOe/izrB70Jof72aM=
golang.org/x/sys v0.10.0 h1:SqMFp9UcQJZa+pmYuAKjd9xq1f0j5rLcDIk0mj4qAsA=
golang.org/x/sys v0.10.0/go.mod h1:oPkhp1MJrh7nUepCBck5+mAzfO9JrbApNNgaTdGDITg=
golang.org/x/term v0.10.0 h1:3R7pNqamzBraeqj/Tj8qt1aQ2HpmlC+Cx/qL/7hn4/c=
golang.org/x/term v0.10.0/go.mod h1:lpqdcUyK/oCiQxvxVrppt5ggO2KCZ5QblwqPnfZ6d5o=
golang.org/x/xerrors v0.0.0-20191204190536-9bdfabe68543/go.mod h1:I/5z698sn9Ka8TeJc9MKroUUfqBBauWjQqLJ2OPfmY0=
google.golang.org/protobuf v1.26.0-rc.1/go.mod h1:jlhhOSvTdKEhbULTjvd4ARK9grFBp09yW+WbY/TyQbw=
google.golang.org/protobuf v1.28.1 h1:d0NfwRgPtno5B1Wa6L2DAG+KivqkdutMf1UhdNx175w=
google.golang.org/protobuf v1.28.1/go.mod h1:HV8QOd/L58Z+nl8r43ehVNZIU/HEI6OcFqwMG9pJV4I=
